
Microsoft Visual Studio Solution File, Format Version 12.00
# Visual Studio Version 16
VisualStudioVersion = 16.0.29306.81
MinimumVisualStudioVersion = 10.0.40219.1
Project("{FAE04EC0-301F-11D3-BF4B-00C04F79EFBC}") = "Asp.Net chatbot", "Asp.Net chatbot\Asp.Net chatbot.csproj", "{B15534BF-2E6F-483F-8A3F-DBE48F767812}"
EndProject
Project("{FAE04EC0-301F-11D3-BF4B-00C04F79EFBC}") = "ServicioAIML", "ServicioAIML\ServicioAIML.csproj", "{09871777-B26C-4D9D-8D92-B59CD854F959}"
EndProject
Global
	GlobalSection(SolutionConfigurationPlatforms) = preSolution
		Debug|Any CPU = Debug|Any CPU
		Release|Any CPU = Release|Any CPU
	EndGlobalSection
	GlobalSection(ProjectConfigurationPlatforms) = postSolution
		{B15534BF-2E6F-483F-8A3F-DBE48F767812}.Debug|Any CPU.ActiveCfg = Debug|Any CPU
		{B15534BF-2E6F-483F-8A3F-DBE48F767812}.Debug|Any CPU.Build.0 = Debug|Any CPU
		{B15534BF-2E6F-483F-8A3F-DBE48F767812}.Release|Any CPU.ActiveCfg = Release|Any CPU
		{B15534BF-2E6F-483F-8A3F-DBE48F767812}.Release|Any CPU.Build.0 = Release|Any CPU
		{09871777-B26C-4D9D-8D92-B59CD854F959}.Debug|Any CPU.ActiveCfg = Debug|Any CPU
		{09871777-B26C-4D9D-8D92-B59CD854F959}.Debug|Any CPU.Build.0 = Debug|Any CPU
		{09871777-B26C-4D9D-8D92-B59CD854F959}.Release|Any CPU.ActiveCfg = Release|Any CPU
		{09871777-B26C-4D9D-8D92-B59CD854F959}.Release|Any CPU.Build.0 = Release|Any CPU
	EndGlobalSection
	GlobalSection(SolutionProperties) = preSolution
		HideSolutionNode = FALSE
	EndGlobalSection
	GlobalSection(ExtensibilityGlobals) = postSolution
		SolutionGuid = {3515D908-A7D0-4660-9F7C-E61F84D8C519}
	EndGlobalSection
EndGlobal
